
Microsoft Visual Studio Solution File, Format Version 12.00
# Visual Studio Version 16
VisualStudioVersion = 16.0.29806.167
MinimumVisualStudioVersion = 10.0.40219.1
Project("{9A19103F-16F7-4668-BE54-9A1E7A4F7556}") = "CareerCloud.Pocos", "CareerCloud.Pocos\CareerCloud.Pocos.csproj", "{3C50FF37-DCB5-4331-AD80-C8B3C06FB6CF}"
EndProject
Project("{9A19103F-16F7-4668-BE54-9A1E7A4F7556}") = "CareerCloud.EntityFrameworkDataAccess", "CareerCloud.EntityFrameworkDataAccess\CareerCloud.EntityFrameworkDataAccess.csproj", "{366E91AC-7264-48F9-B888-138DD80EDE30}"
EndProject
Project("{9A19103F-16F7-4668-BE54-9A1E7A4F7556}") = "CareerCloud.DataAccessLayer", "CareerCloud.DataAccessLayer\CareerCloud.DataAccessLayer.csproj", "{F462BB49-8E4F-41F0-9331-736FEFF9F7C4}"
EndProject
Project("{9A19103F-16F7-4668-BE54-9A1E7A4F7556}") = "CareerCloud.BusinessLogicLayer", "CareerCloud.BusinessLogicLayer\CareerCloud.BusinessLogicLayer.csproj", "{BA68B1D8-2BD1-47B1-86F0-BE95137A0F08}"
EndProject
Project("{FAE04EC0-301F-11D3-BF4B-00C04F79EFBC}") = "CoreUI", "CoreUI\CoreUI.csproj", "{8028B6DB-20E6-43EB-B231-C06B9BA182EA}"
EndProject
Global
	GlobalSection(SolutionConfigurationPlatforms) = preSolution
		Debug|Any CPU = Debug|Any CPU
		Release|Any CPU = Release|Any CPU
	EndGlobalSection
	GlobalSection(ProjectConfigurationPlatforms) = postSolution
		{3C50FF37-DCB5-4331-AD80-C8B3C06FB6CF}.Debug|Any CPU.ActiveCfg = Debug|Any CPU
		{3C50FF37-DCB5-4331-AD80-C8B3C06FB6CF}.Debug|Any CPU.Build.0 = Debug|Any CPU
		{3C50FF37-DCB5-4331-AD80-C8B3C06FB6CF}.Release|Any CPU.ActiveCfg = Release|Any CPU
		{3C50FF37-DCB5-4331-AD80-C8B3C06FB6CF}.Release|Any CPU.Build.0 = Release|Any CPU
		{366E91AC-7264-48F9-B888-138DD80EDE30}.Debug|Any CPU.ActiveCfg = Debug|Any CPU
		{366E91AC-7264-48F9-B888-138DD80EDE30}.Debug|Any CPU.Build.0 = Debug|Any CPU
		{366E91AC-7264-48F9-B888-138DD80EDE30}.Release|Any CPU.ActiveCfg = Release|Any CPU
		{366E91AC-7264-48F9-B888-138DD80EDE30}.Release|Any CPU.Build.0 = Release|Any CPU
		{F462BB49-8E4F-41F0-9331-736FEFF9F7C4}.Debug|Any CPU.ActiveCfg = Debug|Any CPU
		{F462BB49-8E4F-41F0-9331-736FEFF9F7C4}.Debug|Any CPU.Build.0 = Debug|Any CPU
		{F462BB49-8E4F-41F0-9331-736FEFF9F7C4}.Release|Any CPU.ActiveCfg = Release|Any CPU
		{F462BB49-8E4F-41F0-9331-736FEFF9F7C4}.Release|Any CPU.Build.0 = Release|Any CPU
		{BA68B1D8-2BD1-47B1-86F0-BE95137A0F08}.Debug|Any CPU.ActiveCfg = Debug|Any CPU
		{BA68B1D8-2BD1-47B1-86F0-BE95137A0F08}.Debug|Any CPU.Build.0 = Debug|Any CPU
		{BA68B1D8-2BD1-47B1-86F0-BE95137A0F08}.Release|Any CPU.ActiveCfg = Release|Any CPU
		{BA68B1D8-2BD1-47B1-86F0-BE95137A0F08}.Release|Any CPU.Build.0 = Release|Any CPU
		{8028B6DB-20E6-43EB-B231-C06B9BA182EA}.Debug|Any CPU.ActiveCfg = Debug|Any CPU
		{8028B6DB-20E6-43EB-B231-C06B9BA182EA}.Debug|Any CPU.Build.0 = Debug|Any CPU
		{8028B6DB-20E6-43EB-B231-C06B9BA182EA}.Release|Any CPU.ActiveCfg = Release|Any CPU
		{8028B6DB-20E6-43EB-B231-C06B9BA182EA}.Release|Any CPU.Build.0 = Release|Any CPU
	EndGlobalSection
	GlobalSection(SolutionProperties) = preSolution
		HideSolutionNode = FALSE
	EndGlobalSection
	GlobalSection(ExtensibilityGlobals) = postSolution
		SolutionGuid = {BA96BA5D-43E8-46C2-B354-9B3E18EFD54C}
	EndGlobalSection
EndGlobal
